
Microsoft Visual Studio Solution File, Format Version 12.00
# Visual Studio Version 16
VisualStudioVersion = 16.0.30711.63
MinimumVisualStudioVersion = 10.0.40219.1
Project("{FAE04EC0-301F-11D3-BF4B-00C04F79EFBC}") = "Shards", "Shards\Shards.csproj", "{A1F895B4-5CE8-4B4D-919E-0F2FC54E638F}"
EndProject
Project("{FAE04EC0-301F-11D3-BF4B-00C04F79EFBC}") = "Shards.Tests", "Shards.Tests\Shards.Tests.csproj", "{4577486F-5B8F-461A-AA84-985C7574117D}"
EndProject
Global
	GlobalSection(SolutionConfigurationPlatforms) = preSolution
		Debug|Any CPU = Debug|Any CPU
		Release|Any CPU = Release|Any CPU
	EndGlobalSection
	GlobalSection(ProjectConfigurationPlatforms) = postSolution
		{A1F895B4-5CE8-4B4D-919E-0F2FC54E638F}.Debug|Any CPU.ActiveCfg = Debug|Any CPU
		{A1F895B4-5CE8-4B4D-919E-0F2FC54E638F}.Debug|Any CPU.Build.0 = Debug|Any CPU
		{A1F895B4-5CE8-4B4D-919E-0F2FC54E638F}.Release|Any CPU.ActiveCfg = Release|Any CPU
		{A1F895B4-5CE8-4B4D-919E-0F2FC54E638F}.Release|Any CPU.Build.0 = Release|Any CPU
		{4577486F-5B8F-461A-AA84-985C7574117D}.Debug|Any CPU.ActiveCfg = Debug|Any CPU
		{4577486F-5B8F-461A-AA84-985C7574117D}.Debug|Any CPU.Build.0 = Debug|Any CPU
		{4577486F-5B8F-461A-AA84-985C7574117D}.Release|Any CPU.ActiveCfg = Release|Any CPU
		{4577486F-5B8F-461A-AA84-985C7574117D}.Release|Any CPU.Build.0 = Release|Any CPU
	EndGlobalSection
	GlobalSection(SolutionProperties) = preSolution
		HideSolutionNode = FALSE
	EndGlobalSection
	GlobalSection(ExtensibilityGlobals) = postSolution
		SolutionGuid = {D838F854-8ED3-4605-8889-1E4C3DA585DD}
	EndGlobalSection
EndGlobal
